
Microsoft Visual Studio Solution File, Format Version 12.00
# Visual Studio Version 17
VisualStudioVersion = 17.7.34221.43
MinimumVisualStudioVersion = 10.0.40219.1
Project("{2150E333-8FDC-42A3-9474-1A3956D46DE8}") = "src", "src", "{1B2C6C59-7B31-478C-8A19-CD5D1BF6E092}"
EndProject
Project("{2150E333-8FDC-42A3-9474-1A3956D46DE8}") = "Solution Items", "Solution Items", "{33B14A7B-B4C8-4C50-A914-5B84C003A02D}"
	ProjectSection(SolutionItems) = preProject
		ServiceUrls.txt = ServiceUrls.txt
	EndProjectSection
EndProject
Project("{2150E333-8FDC-42A3-9474-1A3956D46DE8}") = "ApiGateways", "ApiGateways", "{560B7BE1-4617-4666-A56F-5C251F70E32F}"
EndProject
Project("{2150E333-8FDC-42A3-9474-1A3956D46DE8}") = "BuildingBlocks", "BuildingBlocks", "{A4578576-CFBC-4C1B-94B3-1E3195AE449F}"
EndProject
Project("{2150E333-8FDC-42A3-9474-1A3956D46DE8}") = "Services", "Services", "{F02EE3D9-1327-4A78-AC86-550E4CB12821}"
EndProject
Project("{2150E333-8FDC-42A3-9474-1A3956D46DE8}") = "Clients", "Clients", "{DC16330A-F372-4BAA-8975-96DFFE402252}"
EndProject
Project("{2150E333-8FDC-42A3-9474-1A3956D46DE8}") = "WebApiGateway", "WebApiGateway", "{A7BAED30-AFFB-433D-98A6-3A5BB19CDE27}"
EndProject
Project("{FAE04EC0-301F-11D3-BF4B-00C04F79EFBC}") = "Web.ApiGateway", "src\ApiGateways\WebApiGateway\Web.ApiGateway\Web.ApiGateway.csproj", "{0888CA16-908A-412E-AEF5-04EF10257DD9}"
EndProject
Project("{2150E333-8FDC-42A3-9474-1A3956D46DE8}") = "EventBus", "EventBus", "{59C3CCE8-C959-4346-B9CF-0F3B4874CB3C}"
EndProject
Project("{FAE04EC0-301F-11D3-BF4B-00C04F79EFBC}") = "EventBus.Base", "src\BuildingBlocks\EventBus\EventBus.Base\EventBus.Base.csproj", "{1396F3B1-1312-4B3B-ADD3-9ECE2FE3CAB2}"
EndProject
Project("{FAE04EC0-301F-11D3-BF4B-00C04F79EFBC}") = "EventBus.Factory", "src\BuildingBlocks\EventBus\EventBus.Factory\EventBus.Factory.csproj", "{335FC665-9E40-40B9-87B5-1844A1F0DFDD}"
EndProject
Project("{FAE04EC0-301F-11D3-BF4B-00C04F79EFBC}") = "EventBus.AzureServiceBus", "src\BuildingBlocks\EventBus\EventBus.AzureServiceBus\EventBus.AzureServiceBus.csproj", "{1474E9ED-145F-409D-AF59-C851935AA4F1}"
EndProject
Project("{FAE04EC0-301F-11D3-BF4B-00C04F79EFBC}") = "EventBus.RabbitMQ", "src\BuildingBlocks\EventBus\EventBus.RabbitMQ\EventBus.RabbitMQ.csproj", "{7DABAE73-3AFE-413B-85FA-C6694B5845F2}"
EndProject
Project("{2150E333-8FDC-42A3-9474-1A3956D46DE8}") = "BlazorWebApp", "BlazorWebApp", "{098D90C6-127D-475D-8482-EB137D985A9D}"
EndProject
Project("{FAE04EC0-301F-11D3-BF4B-00C04F79EFBC}") = "WepApp", "src\Clients\BlazorWebApp\WepApp\WepApp.csproj", "{7D4E2949-55DA-4FA9-B06C-398A8D568038}"
EndProject
Project("{2150E333-8FDC-42A3-9474-1A3956D46DE8}") = "BasketService", "BasketService", "{8E1F3581-49B5-4E58-A419-5BDC5B777737}"
EndProject
Project("{FAE04EC0-301F-11D3-BF4B-00C04F79EFBC}") = "BasketService.Api", "src\Services\BasketService\BasketService.Api\BasketService.Api.csproj", "{27991797-7E5D-42C3-9CC8-5C80C8B0542D}"
EndProject
Project("{2150E333-8FDC-42A3-9474-1A3956D46DE8}") = "CatalogService", "CatalogService", "{EC6907EC-6BC9-4C4C-B9C1-3298A1949A7E}"
EndProject
Project("{FAE04EC0-301F-11D3-BF4B-00C04F79EFBC}") = "CatalogService.Api", "src\Services\CatalogService\CatalogService.Api\CatalogService.Api.csproj", "{6D46D696-48B3-4F25-8BE1-22790EC22585}"
EndProject
Project("{2150E333-8FDC-42A3-9474-1A3956D46DE8}") = "IdentityService", "IdentityService", "{A91591C0-E6D6-417D-88AD-60B8BF8CA0F4}"
EndProject
Project("{FAE04EC0-301F-11D3-BF4B-00C04F79EFBC}") = "IdentityService.Api", "src\Services\IdentityService\IdentityService.Api\IdentityService.Api.csproj", "{3A4CB2E1-9643-49D5-BE70-BEAFFA8C988F}"
EndProject
Project("{2150E333-8FDC-42A3-9474-1A3956D46DE8}") = "NotificationService", "NotificationService", "{1384A0C7-DF9F-4196-921E-FC1B07F3F88D}"
EndProject
Project("{FAE04EC0-301F-11D3-BF4B-00C04F79EFBC}") = "NotificationService", "src\Services\NotificationService\NotificationService\NotificationService.csproj", "{366F97D5-3DF4-4078-B4B0-8C1C264E259D}"
EndProject
Project("{2150E333-8FDC-42A3-9474-1A3956D46DE8}") = "OrderService", "OrderService", "{859BE084-466F-4B8F-9DA4-CBED72ADEBFF}"
EndProject
Project("{FAE04EC0-301F-11D3-BF4B-00C04F79EFBC}") = "OrderService.Domain", "src\Services\OrderService\OrderService.Domain\OrderService.Domain.csproj", "{30782E9B-42AC-410A-A5A0-ACF6B04F91AA}"
EndProject
Project("{FAE04EC0-301F-11D3-BF4B-00C04F79EFBC}") = "OrderService.Application", "src\Services\OrderService\OrderService.Application\OrderService.Application.csproj", "{97714567-BC09-4F64-AD0E-A9C0CA95280D}"
EndProject
Project("{FAE04EC0-301F-11D3-BF4B-00C04F79EFBC}") = "OrderService.Infrastructure", "src\Services\OrderService\OrderService.Infrastructure\OrderService.Infrastructure.csproj", "{466DD11C-ADBB-4326-BD76-AD3DF598F065}"
EndProject
Project("{FAE04EC0-301F-11D3-BF4B-00C04F79EFBC}") = "OrderService.Api", "src\Services\OrderService\OrderService.Api\OrderService.Api.csproj", "{ED25C0CA-8126-432A-884D-A02C5AABCBB7}"
EndProject
Project("{2150E333-8FDC-42A3-9474-1A3956D46DE8}") = "PaymentService", "PaymentService", "{7E5A03D9-D012-4690-83D7-030D592ECD9A}"
EndProject
Project("{FAE04EC0-301F-11D3-BF4B-00C04F79EFBC}") = "PaymentService.Api", "src\Services\PaymentService\PaymentService.Api\PaymentService.Api.csproj", "{5BE39D2A-0A85-4957-A752-7091C4FD0F4E}"
EndProject
Global
	GlobalSection(SolutionConfigurationPlatforms) = preSolution
		Debug|Any CPU = Debug|Any CPU
		Release|Any CPU = Release|Any CPU
	EndGlobalSection
	GlobalSection(ProjectConfigurationPlatforms) = postSolution
		{0888CA16-908A-412E-AEF5-04EF10257DD9}.Debug|Any CPU.ActiveCfg = Debug|Any CPU
		{0888CA16-908A-412E-AEF5-04EF10257DD9}.Debug|Any CPU.Build.0 = Debug|Any CPU
		{0888CA16-908A-412E-AEF5-04EF10257DD9}.Release|Any CPU.ActiveCfg = Release|Any CPU
		{0888CA16-908A-412E-AEF5-04EF10257DD9}.Release|Any CPU.Build.0 = Release|Any CPU
		{1396F3B1-1312-4B3B-ADD3-9ECE2FE3CAB2}.Debug|Any CPU.ActiveCfg = Debug|Any CPU
		{1396F3B1-1312-4B3B-ADD3-9ECE2FE3CAB2}.Debug|Any CPU.Build.0 = Debug|Any CPU
		{1396F3B1-1312-4B3B-ADD3-9ECE2FE3CAB2}.Release|Any CPU.ActiveCfg = Release|Any CPU
		{1396F3B1-1312-4B3B-ADD3-9ECE2FE3CAB2}.Release|Any CPU.Build.0 = Release|Any CPU
		{335FC665-9E40-40B9-87B5-1844A1F0DFDD}.Debug|Any CPU.ActiveCfg = Debug|Any CPU
		{335FC665-9E40-40B9-87B5-1844A1F0DFDD}.Debug|Any CPU.Build.0 = Debug|Any CPU
		{335FC665-9E40-40B9-87B5-1844A1F0DFDD}.Release|Any CPU.ActiveCfg = Release|Any CPU
		{335FC665-9E40-40B9-87B5-1844A1F0DFDD}.Release|Any CPU.Build.0 = Release|Any CPU
		{1474E9ED-145F-409D-AF59-C851935AA4F1}.Debug|Any CPU.ActiveCfg = Debug|Any CPU
		{1474E9ED-145F-409D-AF59-C851935AA4F1}.Debug|Any CPU.Build.0 = Debug|Any CPU
		{1474E9ED-145F-409D-AF59-C851935AA4F1}.Release|Any CPU.ActiveCfg = Release|Any CPU
		{1474E9ED-145F-409D-AF59-C851935AA4F1}.Release|Any CPU.Build.0 = Release|Any CPU
		{7DABAE73-3AFE-413B-85FA-C6694B5845F2}.Debug|Any CPU.ActiveCfg = Debug|Any CPU
		{7DABAE73-3AFE-413B-85FA-C6694B5845F2}.Debug|Any CPU.Build.0 = Debug|Any CPU
		{7DABAE73-3AFE-413B-85FA-C6694B5845F2}.Release|Any CPU.ActiveCfg = Release|Any CPU
		{7DABAE73-3AFE-413B-85FA-C6694B5845F2}.Release|Any CPU.Build.0 = Release|Any CPU
		{7D4E2949-55DA-4FA9-B06C-398A8D568038}.Debug|Any CPU.ActiveCfg = Debug|Any CPU
		{7D4E2949-55DA-4FA9-B06C-398A8D568038}.Debug|Any CPU.Build.0 = Debug|Any CPU
		{7D4E2949-55DA-4FA9-B06C-398A8D568038}.Release|Any CPU.ActiveCfg = Release|Any CPU
		{7D4E2949-55DA-4FA9-B06C-398A8D568038}.Release|Any CPU.Build.0 = Release|Any CPU
		{27991797-7E5D-42C3-9CC8-5C80C8B0542D}.Debug|Any CPU.ActiveCfg = Debug|Any CPU
		{27991797-7E5D-42C3-9CC8-5C80C8B0542D}.Debug|Any CPU.Build.0 = Debug|Any CPU
		{27991797-7E5D-42C3-9CC8-5C80C8B0542D}.Release|Any CPU.ActiveCfg = Release|Any CPU
		{27991797-7E5D-42C3-9CC8-5C80C8B0542D}.Release|Any CPU.Build.0 = Release|Any CPU
		{6D46D696-48B3-4F25-8BE1-22790EC22585}.Debug|Any CPU.ActiveCfg = Debug|Any CPU
		{6D46D696-48B3-4F25-8BE1-22790EC22585}.Debug|Any CPU.Build.0 = Debug|Any CPU
		{6D46D696-48B3-4F25-8BE1-22790EC22585}.Release|Any CPU.ActiveCfg = Release|Any CPU
		{6D46D696-48B3-4F25-8BE1-22790EC22585}.Release|Any CPU.Build.0 = Release|Any CPU
		{3A4CB2E1-9643-49D5-BE70-BEAFFA8C988F}.Debug|Any CPU.ActiveCfg = Debug|Any CPU
		{3A4CB2E1-9643-49D5-BE70-BEAFFA8C988F}.Debug|Any CPU.Build.0 = Debug|Any CPU
		{3A4CB2E1-9643-49D5-BE70-BEAFFA8C988F}.Release|Any CPU.ActiveCfg = Release|Any CPU
		{3A4CB2E1-9643-49D5-BE70-BEAFFA8C988F}.Release|Any CPU.Build.0 = Release|Any CPU
		{366F97D5-3DF4-4078-B4B0-8C1C264E259D}.Debug|Any CPU.ActiveCfg = Debug|Any CPU
		{366F97D5-3DF4-4078-B4B0-8C1C264E259D}.Debug|Any CPU.Build.0 = Debug|Any CPU
		{366F97D5-3DF4-4078-B4B0-8C1C264E259D}.Release|Any CPU.ActiveCfg = Release|Any CPU
		{366F97D5-3DF4-4078-B4B0-8C1C264E259D}.Release|Any CPU.Build.0 = Release|Any CPU
		{30782E9B-42AC-410A-A5A0-ACF6B04F91AA}.Debug|Any CPU.ActiveCfg = Debug|Any CPU
		{30782E9B-42AC-410A-A5A0-ACF6B04F91AA}.Debug|Any CPU.Build.0 = Debug|Any CPU
		{30782E9B-42AC-410A-A5A0-ACF6B04F91AA}.Release|Any CPU.ActiveCfg = Release|Any CPU
		{30782E9B-42AC-410A-A5A0-ACF6B04F91AA}.Release|Any CPU.Build.0 = Release|Any CPU
		{97714567-BC09-4F64-AD0E-A9C0CA95280D}.Debug|Any CPU.ActiveCfg = Debug|Any CPU
		{97714567-BC09-4F64-AD0E-A9C0CA95280D}.Debug|Any CPU.Build.0 = Debug|Any CPU
		{97714567-BC09-4F64-AD0E-A9C0CA95280D}.Release|Any CPU.ActiveCfg = Release|Any CPU
		{97714567-BC09-4F64-AD0E-A9C0CA95280D}.Release|Any CPU.Build.0 = Release|Any CPU
		{466DD11C-ADBB-4326-BD76-AD3DF598F065}.Debug|Any CPU.ActiveCfg = Debug|Any CPU
		{466DD11C-ADBB-4326-BD76-AD3DF598F065}.Debug|Any CPU.Build.0 = Debug|Any CPU
		{466DD11C-ADBB-4326-BD76-AD3DF598F065}.Release|Any CPU.ActiveCfg = Release|Any CPU
		{466DD11C-ADBB-4326-BD76-AD3DF598F065}.Release|Any CPU.Build.0 = Release|Any CPU
		{ED25C0CA-8126-432A-884D-A02C5AABCBB7}.Debug|Any CPU.ActiveCfg = Debug|Any CPU
		{ED25C0CA-8126-432A-884D-A02C5AABCBB7}.Debug|Any CPU.Build.0 = Debug|Any CPU
		{ED25C0CA-8126-432A-884D-A02C5AABCBB7}.Release|Any CPU.ActiveCfg = Release|Any CPU
		{ED25C0CA-8126-432A-884D-A02C5AABCBB7}.Release|Any CPU.Build.0 = Release|Any CPU
		{5BE39D2A-0A85-4957-A752-7091C4FD0F4E}.Debug|Any CPU.ActiveCfg = Debug|Any CPU
		{5BE39D2A-0A85-4957-A752-7091C4FD0F4E}.Debug|Any CPU.Build.0 = Debug|Any CPU
		{5BE39D2A-0A85-4957-A752-7091C4FD0F4E}.Release|Any CPU.ActiveCfg = Release|Any CPU
		{5BE39D2A-0A85-4957-A752-7091C4FD0F4E}.Release|Any CPU.Build.0 = Release|Any CPU
	EndGlobalSection
	GlobalSection(SolutionProperties) = preSolution
		HideSolutionNode = FALSE
	EndGlobalSection
	GlobalSection(NestedProjects) = preSolution
		{560B7BE1-4617-4666-A56F-5C251F70E32F} = {1B2C6C59-7B31-478C-8A19-CD5D1BF6E092}
		{A4578576-CFBC-4C1B-94B3-1E3195AE449F} = {1B2C6C59-7B31-478C-8A19-CD5D1BF6E092}
		{F02EE3D9-1327-4A78-AC86-550E4CB12821} = {1B2C6C59-7B31-478C-8A19-CD5D1BF6E092}
		{DC16330A-F372-4BAA-8975-96DFFE402252} = {1B2C6C59-7B31-478C-8A19-CD5D1BF6E092}
		{A7BAED30-AFFB-433D-98A6-3A5BB19CDE27} = {560B7BE1-4617-4666-A56F-5C251F70E32F}
		{0888CA16-908A-412E-AEF5-04EF10257DD9} = {A7BAED30-AFFB-433D-98A6-3A5BB19CDE27}
		{59C3CCE8-C959-4346-B9CF-0F3B4874CB3C} = {A4578576-CFBC-4C1B-94B3-1E3195AE449F}
		{1396F3B1-1312-4B3B-ADD3-9ECE2FE3CAB2} = {59C3CCE8-C959-4346-B9CF-0F3B4874CB3C}
		{335FC665-9E40-40B9-87B5-1844A1F0DFDD} = {59C3CCE8-C959-4346-B9CF-0F3B4874CB3C}
		{1474E9ED-145F-409D-AF59-C851935AA4F1} = {59C3CCE8-C959-4346-B9CF-0F3B4874CB3C}
		{7DABAE73-3AFE-413B-85FA-C6694B5845F2} = {59C3CCE8-C959-4346-B9CF-0F3B4874CB3C}
		{098D90C6-127D-475D-8482-EB137D985A9D} = {DC16330A-F372-4BAA-8975-96DFFE402252}
		{7D4E2949-55DA-4FA9-B06C-398A8D568038} = {098D90C6-127D-475D-8482-EB137D985A9D}
		{8E1F3581-49B5-4E58-A419-5BDC5B777737} = {F02EE3D9-1327-4A78-AC86-550E4CB12821}
		{27991797-7E5D-42C3-9CC8-5C80C8B0542D} = {8E1F3581-49B5-4E58-A419-5BDC5B777737}
		{EC6907EC-6BC9-4C4C-B9C1-3298A1949A7E} = {F02EE3D9-1327-4A78-AC86-550E4CB12821}
		{6D46D696-48B3-4F25-8BE1-22790EC22585} = {EC6907EC-6BC9-4C4C-B9C1-3298A1949A7E}
		{A91591C0-E6D6-417D-88AD-60B8BF8CA0F4} = {F02EE3D9-1327-4A78-AC86-550E4CB12821}
		{3A4CB2E1-9643-49D5-BE70-BEAFFA8C988F} = {A91591C0-E6D6-417D-88AD-60B8BF8CA0F4}
		{1384A0C7-DF9F-4196-921E-FC1B07F3F88D} = {F02EE3D9-1327-4A78-AC86-550E4CB12821}
		{366F97D5-3DF4-4078-B4B0-8C1C264E259D} = {1384A0C7-DF9F-4196-921E-FC1B07F3F88D}
		{859BE084-466F-4B8F-9DA4-CBED72ADEBFF} = {F02EE3D9-1327-4A78-AC86-550E4CB12821}
		{30782E9B-42AC-410A-A5A0-ACF6B04F91AA} = {859BE084-466F-4B8F-9DA4-CBED72ADEBFF}
		{97714567-BC09-4F64-AD0E-A9C0CA95280D} = {859BE084-466F-4B8F-9DA4-CBED72ADEBFF}
		{466DD11C-ADBB-4326-BD76-AD3DF598F065} = {859BE084-466F-4B8F-9DA4-CBED72ADEBFF}
		{ED25C0CA-8126-432A-884D-A02C5AABCBB7} = {859BE084-466F-4B8F-9DA4-CBED72ADEBFF}
		{7E5A03D9-D012-4690-83D7-030D592ECD9A} = {F02EE3D9-1327-4A78-AC86-550E4CB12821}
		{5BE39D2A-0A85-4957-A752-7091C4FD0F4E} = {7E5A03D9-D012-4690-83D7-030D592ECD9A}
	EndGlobalSection
	GlobalSection(ExtensibilityGlobals) = postSolution
		SolutionGuid = {1FF957F0-794F-42F6-B4BE-C907A00866FA}
	EndGlobalSection
EndGlobal
